
Microsoft Visual Studio Solution File, Format Version 12.00
# Visual Studio 15
VisualStudioVersion = 15.0.27428.2015
MinimumVisualStudioVersion = 10.0.40219.1
Project("{9A19103F-16F7-4668-BE54-9A1E7A4F7556}") = "GdprConsent.NexusAdapter.WebApi.Test", "test\GdprConsent.NexusAdapter.WebApi.Test\GdprConsent.NexusAdapter.WebApi.Test.csproj", "{9A85514E-98CC-443F-B324-AF567D1B6960}"
EndProject
Project("{FAE04EC0-301F-11D3-BF4B-00C04F79EFBC}") = "GdprConsent.NexusAdapter.WebApi", "src\NexusAdapter.WebApi\GdprConsent.NexusAdapter.WebApi.csproj", "{D811A208-B451-43B9-B4CE-07E6B883E9C5}"
EndProject
Project("{9A19103F-16F7-4668-BE54-9A1E7A4F7556}") = "Frobozz.Contracts", "..\Frobozz.NexusApi\src\Frobozz.CapabilityContracts\Frobozz.Contracts.csproj", "{21A7E0D3-ADE5-47DA-B295-14B487475CBD}"
EndProject
Project("{9A19103F-16F7-4668-BE54-9A1E7A4F7556}") = "Frobozz.Contracts.AspNet", "..\Frobozz.NexusApi\src\Frobozz.Contracts.AspNet\Frobozz.Contracts.AspNet.csproj", "{0F909B3A-5A95-4395-AD79-3FA38D2646B8}"
EndProject
Project("{FAE04EC0-301F-11D3-BF4B-00C04F79EFBC}") = "GdprConsent.Logic", "src\GdprConsent.Logic\GdprConsent.Logic.csproj", "{4ECC58DF-B88D-48B0-96B7-1A34BD2F5D4F}"
EndProject
Project("{FAE04EC0-301F-11D3-BF4B-00C04F79EFBC}") = "GdprConsent.NexusAdapter.WebApp", "src\GdprConsent.NexusAdapter.WebApp\GdprConsent.NexusAdapter.WebApp.csproj", "{8196E0B3-28FC-44DA-ACF7-1565D03633BC}"
EndProject
Global
	GlobalSection(SolutionConfigurationPlatforms) = preSolution
		Debug|Any CPU = Debug|Any CPU
		Release|Any CPU = Release|Any CPU
	EndGlobalSection
	GlobalSection(ProjectConfigurationPlatforms) = postSolution
		{9A85514E-98CC-443F-B324-AF567D1B6960}.Debug|Any CPU.ActiveCfg = Debug|Any CPU
		{9A85514E-98CC-443F-B324-AF567D1B6960}.Debug|Any CPU.Build.0 = Debug|Any CPU
		{9A85514E-98CC-443F-B324-AF567D1B6960}.Release|Any CPU.ActiveCfg = Release|Any CPU
		{9A85514E-98CC-443F-B324-AF567D1B6960}.Release|Any CPU.Build.0 = Release|Any CPU
		{D811A208-B451-43B9-B4CE-07E6B883E9C5}.Debug|Any CPU.ActiveCfg = Debug|Any CPU
		{D811A208-B451-43B9-B4CE-07E6B883E9C5}.Debug|Any CPU.Build.0 = Debug|Any CPU
		{D811A208-B451-43B9-B4CE-07E6B883E9C5}.Release|Any CPU.ActiveCfg = Release|Any CPU
		{D811A208-B451-43B9-B4CE-07E6B883E9C5}.Release|Any CPU.Build.0 = Release|Any CPU
		{21A7E0D3-ADE5-47DA-B295-14B487475CBD}.Debug|Any CPU.ActiveCfg = Debug|Any CPU
		{21A7E0D3-ADE5-47DA-B295-14B487475CBD}.Debug|Any CPU.Build.0 = Debug|Any CPU
		{21A7E0D3-ADE5-47DA-B295-14B487475CBD}.Release|Any CPU.ActiveCfg = Release|Any CPU
		{21A7E0D3-ADE5-47DA-B295-14B487475CBD}.Release|Any CPU.Build.0 = Release|Any CPU
		{0F909B3A-5A95-4395-AD79-3FA38D2646B8}.Debug|Any CPU.ActiveCfg = Debug|Any CPU
		{0F909B3A-5A95-4395-AD79-3FA38D2646B8}.Debug|Any CPU.Build.0 = Debug|Any CPU
		{0F909B3A-5A95-4395-AD79-3FA38D2646B8}.Release|Any CPU.ActiveCfg = Release|Any CPU
		{0F909B3A-5A95-4395-AD79-3FA38D2646B8}.Release|Any CPU.Build.0 = Release|Any CPU
		{4ECC58DF-B88D-48B0-96B7-1A34BD2F5D4F}.Debug|Any CPU.ActiveCfg = Debug|Any CPU
		{4ECC58DF-B88D-48B0-96B7-1A34BD2F5D4F}.Debug|Any CPU.Build.0 = Debug|Any CPU
		{4ECC58DF-B88D-48B0-96B7-1A34BD2F5D4F}.Release|Any CPU.ActiveCfg = Release|Any CPU
		{4ECC58DF-B88D-48B0-96B7-1A34BD2F5D4F}.Release|Any CPU.Build.0 = Release|Any CPU
		{8196E0B3-28FC-44DA-ACF7-1565D03633BC}.Debug|Any CPU.ActiveCfg = Debug|Any CPU
		{8196E0B3-28FC-44DA-ACF7-1565D03633BC}.Debug|Any CPU.Build.0 = Debug|Any CPU
		{8196E0B3-28FC-44DA-ACF7-1565D03633BC}.Release|Any CPU.ActiveCfg = Release|Any CPU
		{8196E0B3-28FC-44DA-ACF7-1565D03633BC}.Release|Any CPU.Build.0 = Release|Any CPU
	EndGlobalSection
	GlobalSection(SolutionProperties) = preSolution
		HideSolutionNode = FALSE
	EndGlobalSection
	GlobalSection(ExtensibilityGlobals) = postSolution
		SolutionGuid = {572C2D2D-1536-464B-B12F-9ADAC54A3D27}
	EndGlobalSection
EndGlobal
