
Microsoft Visual Studio Solution File, Format Version 12.00
# Visual Studio 15
VisualStudioVersion = 15.0.26430.14
MinimumVisualStudioVersion = 10.0.40219.1
Project("{2150E333-8FDC-42A3-9474-1A3956D46DE8}") = "Solution Items", "Solution Items", "{8063A4D5-F8D8-475D-996F-2E8D8F3C2043}"
	ProjectSection(SolutionItems) = preProject
		README.md = README.md
		SolutionArchitectureBasic.png = SolutionArchitectureBasic.png
	EndProjectSection
EndProject
Project("{FAE04EC0-301F-11D3-BF4B-00C04F79EFBC}") = "FulcrumFacade.Sl.WebApi", "src\Sl.WebApi\FulcrumFacade.Sl.WebApi.csproj", "{54C014CC-5F86-4E4B-B437-8F80BD5D2FE0}"
EndProject
Project("{FAE04EC0-301F-11D3-BF4B-00C04F79EFBC}") = "FulcrumFacade.Bll", "src\Bll\FulcrumFacade.Bll.csproj", "{79BE6A98-3047-4A03-96D5-2754F025FEFD}"
EndProject
Project("{FAE04EC0-301F-11D3-BF4B-00C04F79EFBC}") = "FulcrumFacade.Bll.Tests", "test\Bll\FulcrumFacade.Bll.Tests.csproj", "{BB32899F-0C41-4CED-95E4-F920D65E4404}"
EndProject
Project("{FAE04EC0-301F-11D3-BF4B-00C04F79EFBC}") = "FulcrumFacade.Sl.WebApi.Tests", "test\Sl.WebApi\FulcrumFacade.Sl.WebApi.Tests.csproj", "{2B3EF51E-65E3-4763-BD88-882B847AEF7A}"
EndProject
Project("{2150E333-8FDC-42A3-9474-1A3956D46DE8}") = "Tests", "Tests", "{4C41FCC3-3EC4-41F7-8541-BC59EA8ED3F0}"
EndProject
Project("{FAE04EC0-301F-11D3-BF4B-00C04F79EFBC}") = "FulcrumFacade.Dal.Memory", "src\Dal.Memory\FulcrumFacade.Dal.Memory.csproj", "{C4BCE2FF-7DE6-4EDC-90D6-7EC47B0B80D5}"
EndProject
Global
	GlobalSection(SolutionConfigurationPlatforms) = preSolution
		Debug|Any CPU = Debug|Any CPU
		Release|Any CPU = Release|Any CPU
	EndGlobalSection
	GlobalSection(ProjectConfigurationPlatforms) = postSolution
		{54C014CC-5F86-4E4B-B437-8F80BD5D2FE0}.Debug|Any CPU.ActiveCfg = Debug|Any CPU
		{54C014CC-5F86-4E4B-B437-8F80BD5D2FE0}.Debug|Any CPU.Build.0 = Debug|Any CPU
		{54C014CC-5F86-4E4B-B437-8F80BD5D2FE0}.Release|Any CPU.ActiveCfg = Release|Any CPU
		{54C014CC-5F86-4E4B-B437-8F80BD5D2FE0}.Release|Any CPU.Build.0 = Release|Any CPU
		{79BE6A98-3047-4A03-96D5-2754F025FEFD}.Debug|Any CPU.ActiveCfg = Debug|Any CPU
		{79BE6A98-3047-4A03-96D5-2754F025FEFD}.Debug|Any CPU.Build.0 = Debug|Any CPU
		{79BE6A98-3047-4A03-96D5-2754F025FEFD}.Release|Any CPU.ActiveCfg = Release|Any CPU
		{79BE6A98-3047-4A03-96D5-2754F025FEFD}.Release|Any CPU.Build.0 = Release|Any CPU
		{BB32899F-0C41-4CED-95E4-F920D65E4404}.Debug|Any CPU.ActiveCfg = Debug|Any CPU
		{BB32899F-0C41-4CED-95E4-F920D65E4404}.Debug|Any CPU.Build.0 = Debug|Any CPU
		{BB32899F-0C41-4CED-95E4-F920D65E4404}.Release|Any CPU.ActiveCfg = Release|Any CPU
		{BB32899F-0C41-4CED-95E4-F920D65E4404}.Release|Any CPU.Build.0 = Release|Any CPU
		{2B3EF51E-65E3-4763-BD88-882B847AEF7A}.Debug|Any CPU.ActiveCfg = Debug|Any CPU
		{2B3EF51E-65E3-4763-BD88-882B847AEF7A}.Debug|Any CPU.Build.0 = Debug|Any CPU
		{2B3EF51E-65E3-4763-BD88-882B847AEF7A}.Release|Any CPU.ActiveCfg = Release|Any CPU
		{2B3EF51E-65E3-4763-BD88-882B847AEF7A}.Release|Any CPU.Build.0 = Release|Any CPU
		{C4BCE2FF-7DE6-4EDC-90D6-7EC47B0B80D5}.Debug|Any CPU.ActiveCfg = Debug|Any CPU
		{C4BCE2FF-7DE6-4EDC-90D6-7EC47B0B80D5}.Debug|Any CPU.Build.0 = Debug|Any CPU
		{C4BCE2FF-7DE6-4EDC-90D6-7EC47B0B80D5}.Release|Any CPU.ActiveCfg = Release|Any CPU
		{C4BCE2FF-7DE6-4EDC-90D6-7EC47B0B80D5}.Release|Any CPU.Build.0 = Release|Any CPU
	EndGlobalSection
	GlobalSection(SolutionProperties) = preSolution
		HideSolutionNode = FALSE
	EndGlobalSection
	GlobalSection(NestedProjects) = preSolution
		{BB32899F-0C41-4CED-95E4-F920D65E4404} = {4C41FCC3-3EC4-41F7-8541-BC59EA8ED3F0}
		{2B3EF51E-65E3-4763-BD88-882B847AEF7A} = {4C41FCC3-3EC4-41F7-8541-BC59EA8ED3F0}
	EndGlobalSection
EndGlobal
